// !$*UTF8*$!
{
	archiveVersion = 1;
	classes = {
	};
	objectVersion = 55;
	objects = {

/* Begin PBXBuildFile section */
		0A0AE5D627EC894F006B8083 /* RecommendViewController.swift in Sources */ = {isa = PBXBuildFile; fileRef = 0A0AE5D527EC894F006B8083 /* RecommendViewController.swift */; };
		0A12ECCE27F18553009C9CA6 /* PopUpViewController.swift in Sources */ = {isa = PBXBuildFile; fileRef = 0A12ECCD27F18553009C9CA6 /* PopUpViewController.swift */; };
		0A12ECD027F189ED009C9CA6 /* CategoryViewModel.swift in Sources */ = {isa = PBXBuildFile; fileRef = 0A12ECCF27F189ED009C9CA6 /* CategoryViewModel.swift */; };
		0A12ECD227F19090009C9CA6 /* Filter.swift in Sources */ = {isa = PBXBuildFile; fileRef = 0A12ECD127F19090009C9CA6 /* Filter.swift */; };
		0A12ECD427F1BCD8009C9CA6 /* AppTabbarViewController.swift in Sources */ = {isa = PBXBuildFile; fileRef = 0A12ECD327F1BCD8009C9CA6 /* AppTabbarViewController.swift */; };
		0A2010EF27E0CFBB008B0BFE /* ProfileSettingViewController.swift in Sources */ = {isa = PBXBuildFile; fileRef = 0A2010EE27E0CFBB008B0BFE /* ProfileSettingViewController.swift */; };
		0A2DB56727ED8805002E206C /* UserInfoViewModel.swift in Sources */ = {isa = PBXBuildFile; fileRef = 0A2DB56627ED8805002E206C /* UserInfoViewModel.swift */; };
		0A2DB56927ED89BF002E206C /* DropDownUI.swift in Sources */ = {isa = PBXBuildFile; fileRef = 0A2DB56827ED89BF002E206C /* DropDownUI.swift */; };
		0A381AC027E1B7E500ECD255 /* LanguageViewModel.swift in Sources */ = {isa = PBXBuildFile; fileRef = 0A381ABF27E1B7E500ECD255 /* LanguageViewModel.swift */; };
		0A381AC227E1C85100ECD255 /* ProfileViewModel.swift in Sources */ = {isa = PBXBuildFile; fileRef = 0A381AC127E1C85100ECD255 /* ProfileViewModel.swift */; };
		0A381AC427E1C87F00ECD255 /* UserInfo.swift in Sources */ = {isa = PBXBuildFile; fileRef = 0A381AC327E1C87F00ECD255 /* UserInfo.swift */; };
		0A45AFF427FB68060030957B /* FavoriteViewModel.swift in Sources */ = {isa = PBXBuildFile; fileRef = 0A45AFF327FB68060030957B /* FavoriteViewModel.swift */; };
		0A60BD0027D8D7F30046C8CB /* LoginViewController.swift in Sources */ = {isa = PBXBuildFile; fileRef = 0A60BCFF27D8D7F30046C8CB /* LoginViewController.swift */; };
		0A60BD0227D8EBF30046C8CB /* MainViewController.swift in Sources */ = {isa = PBXBuildFile; fileRef = 0A60BD0127D8EBF30046C8CB /* MainViewController.swift */; };
		0A60BD0427D8EC080046C8CB /* CommunityViewController.swift in Sources */ = {isa = PBXBuildFile; fileRef = 0A60BD0327D8EC080046C8CB /* CommunityViewController.swift */; };
		0A60BD0627D91B140046C8CB /* SignUpViewController.swift in Sources */ = {isa = PBXBuildFile; fileRef = 0A60BD0527D91B140046C8CB /* SignUpViewController.swift */; };
		0A60BD0827D91BFA0046C8CB /* UITextField.swift in Sources */ = {isa = PBXBuildFile; fileRef = 0A60BD0727D91BFA0046C8CB /* UITextField.swift */; };
		0A7E46C427D3999D001AD8F7 /* AppDelegate.swift in Sources */ = {isa = PBXBuildFile; fileRef = 0A7E46C327D3999D001AD8F7 /* AppDelegate.swift */; };
		0A7E46C627D3999D001AD8F7 /* SceneDelegate.swift in Sources */ = {isa = PBXBuildFile; fileRef = 0A7E46C527D3999D001AD8F7 /* SceneDelegate.swift */; };
		0A7E46CB27D3999D001AD8F7 /* Main.storyboard in Resources */ = {isa = PBXBuildFile; fileRef = 0A7E46C927D3999D001AD8F7 /* Main.storyboard */; };
		0A7E46CD27D3999D001AD8F7 /* Assets.xcassets in Resources */ = {isa = PBXBuildFile; fileRef = 0A7E46CC27D3999D001AD8F7 /* Assets.xcassets */; };
		0A7E46D027D3999D001AD8F7 /* LaunchScreen.storyboard in Resources */ = {isa = PBXBuildFile; fileRef = 0A7E46CE27D3999D001AD8F7 /* LaunchScreen.storyboard */; };
		0AA069B127DA1AD1009D71E8 /* GoogleService-Info.plist in Resources */ = {isa = PBXBuildFile; fileRef = 0AA069B027DA1AD1009D71E8 /* GoogleService-Info.plist */; };
		0AA069B427DA1BC3009D71E8 /* FirebaseAuth in Frameworks */ = {isa = PBXBuildFile; productRef = 0AA069B327DA1BC3009D71E8 /* FirebaseAuth */; };
		0AA069B627DA1BC3009D71E8 /* FirebaseFirestore in Frameworks */ = {isa = PBXBuildFile; productRef = 0AA069B527DA1BC3009D71E8 /* FirebaseFirestore */; };
		0AA069B827DA1BC3009D71E8 /* FirebaseFirestoreSwift-Beta in Frameworks */ = {isa = PBXBuildFile; productRef = 0AA069B727DA1BC3009D71E8 /* FirebaseFirestoreSwift-Beta */; };
		0AA069BA27DA1BC3009D71E8 /* FirebaseStorage in Frameworks */ = {isa = PBXBuildFile; productRef = 0AA069B927DA1BC3009D71E8 /* FirebaseStorage */; };
		0AA069BC27DA2D7F009D71E8 /* LoginViewModel.swift in Sources */ = {isa = PBXBuildFile; fileRef = 0AA069BB27DA2D7F009D71E8 /* LoginViewModel.swift */; };
		0AA069BE27DA3471009D71E8 /* LanguageCategoryViewController.swift in Sources */ = {isa = PBXBuildFile; fileRef = 0AA069BD27DA3471009D71E8 /* LanguageCategoryViewController.swift */; };
		0AA069C027DA354E009D71E8 /* BestArticleViewController.swift in Sources */ = {isa = PBXBuildFile; fileRef = 0AA069BF27DA354E009D71E8 /* BestArticleViewController.swift */; };
		0AB7954327FC2D8800F1C81B /* JobSelectedViewController.swift in Sources */ = {isa = PBXBuildFile; fileRef = 0AB7954227FC2D8800F1C81B /* JobSelectedViewController.swift */; };
		0AC7610027FF2943008004F5 /* TermViewController.swift in Sources */ = {isa = PBXBuildFile; fileRef = 0AC760FF27FF2943008004F5 /* TermViewController.swift */; };
		0AC7610227FF2A3E008004F5 /* CollectionViewCenterCGRect.swift in Sources */ = {isa = PBXBuildFile; fileRef = 0AC7610127FF2A3E008004F5 /* CollectionViewCenterCGRect.swift */; };
		0ACCAF0D28043136003C6040 /* boardViewController.swift in Sources */ = {isa = PBXBuildFile; fileRef = 0ACCAF0C28043136003C6040 /* boardViewController.swift */; };
		0ACCAF0F2804554E003C6040 /* NoticeBoardViewController.swift in Sources */ = {isa = PBXBuildFile; fileRef = 0ACCAF0E2804554E003C6040 /* NoticeBoardViewController.swift */; };
		0AEFAFE227DB33770034A7B0 /* UIViewStyle.swift in Sources */ = {isa = PBXBuildFile; fileRef = 0AEFAFE127DB33770034A7B0 /* UIViewStyle.swift */; };
		0AFF3A342805D65D0050E161 /* NewEditerViewController.swift in Sources */ = {isa = PBXBuildFile; fileRef = 0AFF3A332805D65D0050E161 /* NewEditerViewController.swift */; };
		905D427911C4D36D3BD2C076 /* Pods_CalorieControl.framework in Frameworks */ = {isa = PBXBuildFile; fileRef = 1ACDD3164E5AB99F44E4DB19 /* Pods_CalorieControl.framework */; };
/* End PBXBuildFile section */

/* Begin PBXFileReference section */
		0A0AE5D527EC894F006B8083 /* RecommendViewController.swift */ = {isa = PBXFileReference; lastKnownFileType = sourcecode.swift; path = RecommendViewController.swift; sourceTree = "<group>"; };
		0A12ECCD27F18553009C9CA6 /* PopUpViewController.swift */ = {isa = PBXFileReference; lastKnownFileType = sourcecode.swift; path = PopUpViewController.swift; sourceTree = "<group>"; };
		0A12ECCF27F189ED009C9CA6 /* CategoryViewModel.swift */ = {isa = PBXFileReference; lastKnownFileType = sourcecode.swift; path = CategoryViewModel.swift; sourceTree = "<group>"; };
		0A12ECD127F19090009C9CA6 /* Filter.swift */ = {isa = PBXFileReference; lastKnownFileType = sourcecode.swift; path = Filter.swift; sourceTree = "<group>"; };
		0A12ECD327F1BCD8009C9CA6 /* AppTabbarViewController.swift */ = {isa = PBXFileReference; lastKnownFileType = sourcecode.swift; path = AppTabbarViewController.swift; sourceTree = "<group>"; };
		0A2010EE27E0CFBB008B0BFE /* ProfileSettingViewController.swift */ = {isa = PBXFileReference; lastKnownFileType = sourcecode.swift; path = ProfileSettingViewController.swift; sourceTree = "<group>"; };
		0A2DB56627ED8805002E206C /* UserInfoViewModel.swift */ = {isa = PBXFileReference; lastKnownFileType = sourcecode.swift; path = UserInfoViewModel.swift; sourceTree = "<group>"; };
		0A2DB56827ED89BF002E206C /* DropDownUI.swift */ = {isa = PBXFileReference; lastKnownFileType = sourcecode.swift; path = DropDownUI.swift; sourceTree = "<group>"; };
		0A381ABF27E1B7E500ECD255 /* LanguageViewModel.swift */ = {isa = PBXFileReference; lastKnownFileType = sourcecode.swift; path = LanguageViewModel.swift; sourceTree = "<group>"; };
		0A381AC127E1C85100ECD255 /* ProfileViewModel.swift */ = {isa = PBXFileReference; lastKnownFileType = sourcecode.swift; path = ProfileViewModel.swift; sourceTree = "<group>"; };
		0A381AC327E1C87F00ECD255 /* UserInfo.swift */ = {isa = PBXFileReference; lastKnownFileType = sourcecode.swift; path = UserInfo.swift; sourceTree = "<group>"; };
		0A45AFF327FB68060030957B /* FavoriteViewModel.swift */ = {isa = PBXFileReference; lastKnownFileType = sourcecode.swift; path = FavoriteViewModel.swift; sourceTree = "<group>"; };
		0A60BCFF27D8D7F30046C8CB /* LoginViewController.swift */ = {isa = PBXFileReference; lastKnownFileType = sourcecode.swift; path = LoginViewController.swift; sourceTree = "<group>"; };
		0A60BD0127D8EBF30046C8CB /* MainViewController.swift */ = {isa = PBXFileReference; lastKnownFileType = sourcecode.swift; path = MainViewController.swift; sourceTree = "<group>"; };
		0A60BD0327D8EC080046C8CB /* CommunityViewController.swift */ = {isa = PBXFileReference; lastKnownFileType = sourcecode.swift; path = CommunityViewController.swift; sourceTree = "<group>"; };
		0A60BD0527D91B140046C8CB /* SignUpViewController.swift */ = {isa = PBXFileReference; lastKnownFileType = sourcecode.swift; path = SignUpViewController.swift; sourceTree = "<group>"; };
		0A60BD0727D91BFA0046C8CB /* UITextField.swift */ = {isa = PBXFileReference; lastKnownFileType = sourcecode.swift; path = UITextField.swift; sourceTree = "<group>"; };
		0A7E46C027D3999D001AD8F7 /* CalorieControl.app */ = {isa = PBXFileReference; explicitFileType = wrapper.application; includeInIndex = 0; path = CalorieControl.app; sourceTree = BUILT_PRODUCTS_DIR; };
		0A7E46C327D3999D001AD8F7 /* AppDelegate.swift */ = {isa = PBXFileReference; lastKnownFileType = sourcecode.swift; path = AppDelegate.swift; sourceTree = "<group>"; };
		0A7E46C527D3999D001AD8F7 /* SceneDelegate.swift */ = {isa = PBXFileReference; lastKnownFileType = sourcecode.swift; path = SceneDelegate.swift; sourceTree = "<group>"; };
		0A7E46CA27D3999D001AD8F7 /* Base */ = {isa = PBXFileReference; lastKnownFileType = file.storyboard; name = Base; path = Base.lproj/Main.storyboard; sourceTree = "<group>"; };
		0A7E46CC27D3999D001AD8F7 /* Assets.xcassets */ = {isa = PBXFileReference; lastKnownFileType = folder.assetcatalog; path = Assets.xcassets; sourceTree = "<group>"; };
		0A7E46CF27D3999D001AD8F7 /* Base */ = {isa = PBXFileReference; lastKnownFileType = file.storyboard; name = Base; path = Base.lproj/LaunchScreen.storyboard; sourceTree = "<group>"; };
		0A7E46D127D3999D001AD8F7 /* Info.plist */ = {isa = PBXFileReference; lastKnownFileType = text.plist.xml; path = Info.plist; sourceTree = "<group>"; };
		0AA069B027DA1AD1009D71E8 /* GoogleService-Info.plist */ = {isa = PBXFileReference; fileEncoding = 4; lastKnownFileType = text.plist.xml; name = "GoogleService-Info.plist"; path = "../../../Downloads/GoogleService-Info.plist"; sourceTree = "<group>"; };
		0AA069BB27DA2D7F009D71E8 /* LoginViewModel.swift */ = {isa = PBXFileReference; lastKnownFileType = sourcecode.swift; path = LoginViewModel.swift; sourceTree = "<group>"; };
		0AA069BD27DA3471009D71E8 /* LanguageCategoryViewController.swift */ = {isa = PBXFileReference; lastKnownFileType = sourcecode.swift; path = LanguageCategoryViewController.swift; sourceTree = "<group>"; };
		0AA069BF27DA354E009D71E8 /* BestArticleViewController.swift */ = {isa = PBXFileReference; lastKnownFileType = sourcecode.swift; path = BestArticleViewController.swift; sourceTree = "<group>"; };
		0AB7954227FC2D8800F1C81B /* JobSelectedViewController.swift */ = {isa = PBXFileReference; lastKnownFileType = sourcecode.swift; path = JobSelectedViewController.swift; sourceTree = "<group>"; };
		0AC760FF27FF2943008004F5 /* TermViewController.swift */ = {isa = PBXFileReference; lastKnownFileType = sourcecode.swift; path = TermViewController.swift; sourceTree = "<group>"; };
		0AC7610127FF2A3E008004F5 /* CollectionViewCenterCGRect.swift */ = {isa = PBXFileReference; lastKnownFileType = sourcecode.swift; path = CollectionViewCenterCGRect.swift; sourceTree = "<group>"; };
		0ACCAF0C28043136003C6040 /* boardViewController.swift */ = {isa = PBXFileReference; lastKnownFileType = sourcecode.swift; path = boardViewController.swift; sourceTree = "<group>"; };
		0ACCAF0E2804554E003C6040 /* NoticeBoardViewController.swift */ = {isa = PBXFileReference; lastKnownFileType = sourcecode.swift; path = NoticeBoardViewController.swift; sourceTree = "<group>"; };
		0AEFAFE127DB33770034A7B0 /* UIViewStyle.swift */ = {isa = PBXFileReference; lastKnownFileType = sourcecode.swift; path = UIViewStyle.swift; sourceTree = "<group>"; };
		0AFF3A332805D65D0050E161 /* NewEditerViewController.swift */ = {isa = PBXFileReference; lastKnownFileType = sourcecode.swift; path = NewEditerViewController.swift; sourceTree = "<group>"; };
		1ACDD3164E5AB99F44E4DB19 /* Pods_CalorieControl.framework */ = {isa = PBXFileReference; explicitFileType = wrapper.framework; includeInIndex = 0; path = Pods_CalorieControl.framework; sourceTree = BUILT_PRODUCTS_DIR; };
		1B593F83D26A44265B2A0EF8 /* Pods-CalorieControl.debug.xcconfig */ = {isa = PBXFileReference; includeInIndex = 1; lastKnownFileType = text.xcconfig; name = "Pods-CalorieControl.debug.xcconfig"; path = "Target Support Files/Pods-CalorieControl/Pods-CalorieControl.debug.xcconfig"; sourceTree = "<group>"; };
		DD2C77A4C8C40F4ECEF24D61 /* Pods-CalorieControl.release.xcconfig */ = {isa = PBXFileReference; includeInIndex = 1; lastKnownFileType = text.xcconfig; name = "Pods-CalorieControl.release.xcconfig"; path = "Target Support Files/Pods-CalorieControl/Pods-CalorieControl.release.xcconfig"; sourceTree = "<group>"; };
/* End PBXFileReference section */

/* Begin PBXFrameworksBuildPhase section */
		0A7E46BD27D3999D001AD8F7 /* Frameworks */ = {
			isa = PBXFrameworksBuildPhase;
			buildActionMask = 2147483647;
			files = (
				0AA069B827DA1BC3009D71E8 /* FirebaseFirestoreSwift-Beta in Frameworks */,
				0AA069BA27DA1BC3009D71E8 /* FirebaseStorage in Frameworks */,
				0AA069B427DA1BC3009D71E8 /* FirebaseAuth in Frameworks */,
				0AA069B627DA1BC3009D71E8 /* FirebaseFirestore in Frameworks */,
				905D427911C4D36D3BD2C076 /* Pods_CalorieControl.framework in Frameworks */,
			);
			runOnlyForDeploymentPostprocessing = 0;
		};
/* End PBXFrameworksBuildPhase section */

/* Begin PBXGroup section */
		0662B7E7D3EAF68CC02A4626 /* Frameworks */ = {
			isa = PBXGroup;
			children = (
				1ACDD3164E5AB99F44E4DB19 /* Pods_CalorieControl.framework */,
			);
			name = Frameworks;
			sourceTree = "<group>";
		};
		0A0AE5D427EC88BF006B8083 /* Recommend */ = {
			isa = PBXGroup;
			children = (
				0A0AE5D527EC894F006B8083 /* RecommendViewController.swift */,
			);
			path = Recommend;
			sourceTree = "<group>";
		};
		0A12ECCC27F184F9009C9CA6 /* Popup */ = {
			isa = PBXGroup;
			children = (
				0A12ECCD27F18553009C9CA6 /* PopUpViewController.swift */,
			);
			path = Popup;
			sourceTree = "<group>";
		};
		0A381AC527E1C88F00ECD255 /* model */ = {
			isa = PBXGroup;
			children = (
				0A381AC327E1C87F00ECD255 /* UserInfo.swift */,
				0A12ECD127F19090009C9CA6 /* Filter.swift */,
			);
			path = model;
			sourceTree = "<group>";
		};
		0A381AC627E1C98900ECD255 /* Profile */ = {
			isa = PBXGroup;
			children = (
				0A2010EE27E0CFBB008B0BFE /* ProfileSettingViewController.swift */,
			);
			path = Profile;
			sourceTree = "<group>";
		};
		0A7E46B727D3999D001AD8F7 = {
			isa = PBXGroup;
			children = (
				0A12ECD327F1BCD8009C9CA6 /* AppTabbarViewController.swift */,
				0AC7610327FF2AFF008004F5 /* CollectionStyle */,
				0AB7953F27FC2D0F00F1C81B /* Selected */,
				0A12ECCC27F184F9009C9CA6 /* Popup */,
				0A0AE5D427EC88BF006B8083 /* Recommend */,
				0A381AC627E1C98900ECD255 /* Profile */,
				0A381AC527E1C88F00ECD255 /* model */,
				0AEFAFE827DB37FE0034A7B0 /* viewModel */,
				0AEFAFE727DB37B70034A7B0 /* Privacy */,
				0AEFAFE627DB378A0034A7B0 /* Community */,
				0AEFAFE527DB37760034A7B0 /* Language */,
				0AEFAFE427DB37600034A7B0 /* Main */,
				0AEFAFE327DB373F0034A7B0 /* UIStyle */,
				0A7E46C227D3999D001AD8F7 /* CalorieControl */,
				0AA069B027DA1AD1009D71E8 /* GoogleService-Info.plist */,
				0A7E46C127D3999D001AD8F7 /* Products */,
				77C056EC68A7BB8F86B18968 /* Pods */,
				0662B7E7D3EAF68CC02A4626 /* Frameworks */,
			);
			sourceTree = "<group>";
		};
		0A7E46C127D3999D001AD8F7 /* Products */ = {
			isa = PBXGroup;
			children = (
				0A7E46C027D3999D001AD8F7 /* CalorieControl.app */,
			);
			name = Products;
			sourceTree = "<group>";
		};
		0A7E46C227D3999D001AD8F7 /* CalorieControl */ = {
			isa = PBXGroup;
			children = (
				0A7E46C327D3999D001AD8F7 /* AppDelegate.swift */,
				0A7E46C527D3999D001AD8F7 /* SceneDelegate.swift */,
				0A7E46C927D3999D001AD8F7 /* Main.storyboard */,
				0A7E46CC27D3999D001AD8F7 /* Assets.xcassets */,
				0A7E46CE27D3999D001AD8F7 /* LaunchScreen.storyboard */,
				0A7E46D127D3999D001AD8F7 /* Info.plist */,
			);
			path = CalorieControl;
			sourceTree = "<group>";
		};
		0AB7953F27FC2D0F00F1C81B /* Selected */ = {
			isa = PBXGroup;
			children = (
				0AB7954227FC2D8800F1C81B /* JobSelectedViewController.swift */,
				0AC760FF27FF2943008004F5 /* TermViewController.swift */,
			);
			path = Selected;
			sourceTree = "<group>";
		};
		0AC7610327FF2AFF008004F5 /* CollectionStyle */ = {
			isa = PBXGroup;
			children = (
				0AC7610127FF2A3E008004F5 /* CollectionViewCenterCGRect.swift */,
			);
			path = CollectionStyle;
			sourceTree = "<group>";
		};
		0AEFAFE327DB373F0034A7B0 /* UIStyle */ = {
			isa = PBXGroup;
			children = (
				0AEFAFE127DB33770034A7B0 /* UIViewStyle.swift */,
				0A60BD0727D91BFA0046C8CB /* UITextField.swift */,
				0A2DB56827ED89BF002E206C /* DropDownUI.swift */,
			);
			path = UIStyle;
			sourceTree = "<group>";
		};
		0AEFAFE427DB37600034A7B0 /* Main */ = {
			isa = PBXGroup;
			children = (
				0A60BD0127D8EBF30046C8CB /* MainViewController.swift */,
			);
			path = Main;
			sourceTree = "<group>";
		};
		0AEFAFE527DB37760034A7B0 /* Language */ = {
			isa = PBXGroup;
			children = (
				0AA069BD27DA3471009D71E8 /* LanguageCategoryViewController.swift */,
			);
			path = Language;
			sourceTree = "<group>";
		};
		0AEFAFE627DB378A0034A7B0 /* Community */ = {
			isa = PBXGroup;
			children = (
				0A60BD0327D8EC080046C8CB /* CommunityViewController.swift */,
				0ACCAF0C28043136003C6040 /* boardViewController.swift */,
				0AA069BF27DA354E009D71E8 /* BestArticleViewController.swift */,
				0ACCAF0E2804554E003C6040 /* NoticeBoardViewController.swift */,
				0AFF3A332805D65D0050E161 /* NewEditerViewController.swift */,
			);
			path = Community;
			sourceTree = "<group>";
		};
		0AEFAFE727DB37B70034A7B0 /* Privacy */ = {
			isa = PBXGroup;
			children = (
				0A60BCFF27D8D7F30046C8CB /* LoginViewController.swift */,
				0A60BD0527D91B140046C8CB /* SignUpViewController.swift */,
			);
			path = Privacy;
			sourceTree = "<group>";
		};
		0AEFAFE827DB37FE0034A7B0 /* viewModel */ = {
			isa = PBXGroup;
			children = (
				0AA069BB27DA2D7F009D71E8 /* LoginViewModel.swift */,
				0A381ABF27E1B7E500ECD255 /* LanguageViewModel.swift */,
				0A381AC127E1C85100ECD255 /* ProfileViewModel.swift */,
				0A2DB56627ED8805002E206C /* UserInfoViewModel.swift */,
				0A12ECCF27F189ED009C9CA6 /* CategoryViewModel.swift */,
				0A45AFF327FB68060030957B /* FavoriteViewModel.swift */,
			);
			path = viewModel;
			sourceTree = "<group>";
		};
		77C056EC68A7BB8F86B18968 /* Pods */ = {
			isa = PBXGroup;
			children = (
				1B593F83D26A44265B2A0EF8 /* Pods-CalorieControl.debug.xcconfig */,
				DD2C77A4C8C40F4ECEF24D61 /* Pods-CalorieControl.release.xcconfig */,
			);
			path = Pods;
			sourceTree = "<group>";
		};
/* End PBXGroup section */

/* Begin PBXNativeTarget section */
		0A7E46BF27D3999D001AD8F7 /* CalorieControl */ = {
			isa = PBXNativeTarget;
			buildConfigurationList = 0A7E46D427D3999D001AD8F7 /* Build configuration list for PBXNativeTarget "CalorieControl" */;
			buildPhases = (
				5F1E273887017D22EE1CA23E /* [CP] Check Pods Manifest.lock */,
				0A7E46BC27D3999D001AD8F7 /* Sources */,
				0A7E46BD27D3999D001AD8F7 /* Frameworks */,
				0A7E46BE27D3999D001AD8F7 /* Resources */,
				2FF767BE0408D94F379ED6F0 /* [CP] Embed Pods Frameworks */,
			);
			buildRules = (
			);
			dependencies = (
			);
			name = CalorieControl;
			packageProductDependencies = (
				0AA069B327DA1BC3009D71E8 /* FirebaseAuth */,
				0AA069B527DA1BC3009D71E8 /* FirebaseFirestore */,
				0AA069B727DA1BC3009D71E8 /* FirebaseFirestoreSwift-Beta */,
				0AA069B927DA1BC3009D71E8 /* FirebaseStorage */,
			);
			productName = CalorieControl;
			productReference = 0A7E46C027D3999D001AD8F7 /* CalorieControl.app */;
			productType = "com.apple.product-type.application";
		};
/* End PBXNativeTarget section */

/* Begin PBXProject section */
		0A7E46B827D3999D001AD8F7 /* Project object */ = {
			isa = PBXProject;
			attributes = {
				BuildIndependentTargetsInParallel = 1;
				LastSwiftUpdateCheck = 1320;
				LastUpgradeCheck = 1320;
				TargetAttributes = {
					0A7E46BF27D3999D001AD8F7 = {
						CreatedOnToolsVersion = 13.2.1;
					};
				};
			};
			buildConfigurationList = 0A7E46BB27D3999D001AD8F7 /* Build configuration list for PBXProject "CalorieControl" */;
			compatibilityVersion = "Xcode 13.0";
			developmentRegion = en;
			hasScannedForEncodings = 0;
			knownRegions = (
				en,
				Base,
			);
			mainGroup = 0A7E46B727D3999D001AD8F7;
			packageReferences = (
				0AA069B227DA1BC3009D71E8 /* XCRemoteSwiftPackageReference "firebase-ios-sdk" */,
			);
			productRefGroup = 0A7E46C127D3999D001AD8F7 /* Products */;
			projectDirPath = "";
			projectRoot = "";
			targets = (
				0A7E46BF27D3999D001AD8F7 /* CalorieControl */,
			);
		};
/* End PBXProject section */

/* Begin PBXResourcesBuildPhase section */
		0A7E46BE27D3999D001AD8F7 /* Resources */ = {
			isa = PBXResourcesBuildPhase;
			buildActionMask = 2147483647;
			files = (
				0A7E46D027D3999D001AD8F7 /* LaunchScreen.storyboard in Resources */,
				0AA069B127DA1AD1009D71E8 /* GoogleService-Info.plist in Resources */,
				0A7E46CD27D3999D001AD8F7 /* Assets.xcassets in Resources */,
				0A7E46CB27D3999D001AD8F7 /* Main.storyboard in Resources */,
			);
			runOnlyForDeploymentPostprocessing = 0;
		};
/* End PBXResourcesBuildPhase section */

/* Begin PBXShellScriptBuildPhase section */
		2FF767BE0408D94F379ED6F0 /* [CP] Embed Pods Frameworks */ = {
			isa = PBXShellScriptBuildPhase;
			buildActionMask = 2147483647;
			files = (
			);
			inputFileListPaths = (
				"${PODS_ROOT}/Target Support Files/Pods-CalorieControl/Pods-CalorieControl-frameworks-${CONFIGURATION}-input-files.xcfilelist",
			);
			name = "[CP] Embed Pods Frameworks";
			outputFileListPaths = (
				"${PODS_ROOT}/Target Support Files/Pods-CalorieControl/Pods-CalorieControl-frameworks-${CONFIGURATION}-output-files.xcfilelist",
			);
			runOnlyForDeploymentPostprocessing = 0;
			shellPath = /bin/sh;
			shellScript = "\"${PODS_ROOT}/Target Support Files/Pods-CalorieControl/Pods-CalorieControl-frameworks.sh\"\n";
			showEnvVarsInLog = 0;
		};
		5F1E273887017D22EE1CA23E /* [CP] Check Pods Manifest.lock */ = {
			isa = PBXShellScriptBuildPhase;
			buildActionMask = 2147483647;
			files = (
			);
			inputFileListPaths = (
			);
			inputPaths = (
				"${PODS_PODFILE_DIR_PATH}/Podfile.lock",
				"${PODS_ROOT}/Manifest.lock",
			);
			name = "[CP] Check Pods Manifest.lock";
			outputFileListPaths = (
			);
			outputPaths = (
				"$(DERIVED_FILE_DIR)/Pods-CalorieControl-checkManifestLockResult.txt",
			);
			runOnlyForDeploymentPostprocessing = 0;
			shellPath = /bin/sh;
			shellScript = "diff \"${PODS_PODFILE_DIR_PATH}/Podfile.lock\" \"${PODS_ROOT}/Manifest.lock\" > /dev/null\nif [ $? != 0 ] ; then\n    # print error to STDERR\n    echo \"error: The sandbox is not in sync with the Podfile.lock. Run 'pod install' or update your CocoaPods installation.\" >&2\n    exit 1\nfi\n# This output is used by Xcode 'outputs' to avoid re-running this script phase.\necho \"SUCCESS\" > \"${SCRIPT_OUTPUT_FILE_0}\"\n";
			showEnvVarsInLog = 0;
		};
/* End PBXShellScriptBuildPhase section */

/* Begin PBXSourcesBuildPhase section */
		0A7E46BC27D3999D001AD8F7 /* Sources */ = {
			isa = PBXSourcesBuildPhase;
			buildActionMask = 2147483647;
			files = (
				0A60BD0627D91B140046C8CB /* SignUpViewController.swift in Sources */,
				0AC7610027FF2943008004F5 /* TermViewController.swift in Sources */,
				0A0AE5D627EC894F006B8083 /* RecommendViewController.swift in Sources */,
				0ACCAF0F2804554E003C6040 /* NoticeBoardViewController.swift in Sources */,
				0A2DB56727ED8805002E206C /* UserInfoViewModel.swift in Sources */,
				0AEFAFE227DB33770034A7B0 /* UIViewStyle.swift in Sources */,
				0A45AFF427FB68060030957B /* FavoriteViewModel.swift in Sources */,
				0AB7954327FC2D8800F1C81B /* JobSelectedViewController.swift in Sources */,
				0A12ECD427F1BCD8009C9CA6 /* AppTabbarViewController.swift in Sources */,
				0A60BD0427D8EC080046C8CB /* CommunityViewController.swift in Sources */,
				0A60BD0027D8D7F30046C8CB /* LoginViewController.swift in Sources */,
				0A7E46C427D3999D001AD8F7 /* AppDelegate.swift in Sources */,
				0A12ECD227F19090009C9CA6 /* Filter.swift in Sources */,
				0AC7610227FF2A3E008004F5 /* CollectionViewCenterCGRect.swift in Sources */,
				0AA069BE27DA3471009D71E8 /* LanguageCategoryViewController.swift in Sources */,
				0AFF3A342805D65D0050E161 /* NewEditerViewController.swift in Sources */,
				0A381AC227E1C85100ECD255 /* ProfileViewModel.swift in Sources */,
				0AA069C027DA354E009D71E8 /* BestArticleViewController.swift in Sources */,
				0AA069BC27DA2D7F009D71E8 /* LoginViewModel.swift in Sources */,
				0A7E46C627D3999D001AD8F7 /* SceneDelegate.swift in Sources */,
				0A12ECD027F189ED009C9CA6 /* CategoryViewModel.swift in Sources */,
				0A2DB56927ED89BF002E206C /* DropDownUI.swift in Sources */,
				0A60BD0227D8EBF30046C8CB /* MainViewController.swift in Sources */,
				0A12ECCE27F18553009C9CA6 /* PopUpViewController.swift in Sources */,
				0A381AC027E1B7E500ECD255 /* LanguageViewModel.swift in Sources */,
				0A60BD0827D91BFA0046C8CB /* UITextField.swift in Sources */,
				0A381AC427E1C87F00ECD255 /* UserInfo.swift in Sources */,
				0ACCAF0D28043136003C6040 /* boardViewController.swift in Sources */,
				0A2010EF27E0CFBB008B0BFE /* ProfileSettingViewController.swift in Sources */,
			);
			runOnlyForDeploymentPostprocessing = 0;
		};
/* End PBXSourcesBuildPhase section */

/* Begin PBXVariantGroup section */
		0A7E46C927D3999D001AD8F7 /* Main.storyboard */ = {
			isa = PBXVariantGroup;
			children = (
				0A7E46CA27D3999D001AD8F7 /* Base */,
			);
			name = Main.storyboard;
			sourceTree = "<group>";
		};
		0A7E46CE27D3999D001AD8F7 /* LaunchScreen.storyboard */ = {
			isa = PBXVariantGroup;
			children = (
				0A7E46CF27D3999D001AD8F7 /* Base */,
			);
			name = LaunchScreen.storyboard;
			sourceTree = "<group>";
		};
/* End PBXVariantGroup section */

/* Begin XCBuildConfiguration section */
		0A7E46D227D3999D001AD8F7 /* Debug */ = {
			isa = XCBuildConfiguration;
			buildSettings = {
				ALWAYS_SEARCH_USER_PATHS = NO;
				CLANG_ANALYZER_NONNULL = YES;
				CLANG_ANALYZER_NUMBER_OBJECT_CONVERSION = YES_AGGRESSIVE;
				CLANG_CXX_LANGUAGE_STANDARD = "gnu++17";
				CLANG_CXX_LIBRARY = "libc++";
				CLANG_ENABLE_MODULES = YES;
				CLANG_ENABLE_OBJC_ARC = YES;
				CLANG_ENABLE_OBJC_WEAK = YES;
				CLANG_WARN_BLOCK_CAPTURE_AUTORELEASING = YES;
				CLANG_WARN_BOOL_CONVERSION = YES;
				CLANG_WARN_COMMA = YES;
				CLANG_WARN_CONSTANT_CONVERSION = YES;
				CLANG_WARN_DEPRECATED_OBJC_IMPLEMENTATIONS = YES;
				CLANG_WARN_DIRECT_OBJC_ISA_USAGE = YES_ERROR;
				CLANG_WARN_DOCUMENTATION_COMMENTS = YES;
				CLANG_WARN_EMPTY_BODY = YES;
				CLANG_WARN_ENUM_CONVERSION = YES;
				CLANG_WARN_INFINITE_RECURSION = YES;
				CLANG_WARN_INT_CONVERSION = YES;
				CLANG_WARN_NON_LITERAL_NULL_CONVERSION = YES;
				CLANG_WARN_OBJC_IMPLICIT_RETAIN_SELF = YES;
				CLANG_WARN_OBJC_LITERAL_CONVERSION = YES;
				CLANG_WARN_OBJC_ROOT_CLASS = YES_ERROR;
				CLANG_WARN_QUOTED_INCLUDE_IN_FRAMEWORK_HEADER = YES;
				CLANG_WARN_RANGE_LOOP_ANALYSIS = YES;
				CLANG_WARN_STRICT_PROTOTYPES = YES;
				CLANG_WARN_SUSPICIOUS_MOVE = YES;
				CLANG_WARN_UNGUARDED_AVAILABILITY = YES_AGGRESSIVE;
				CLANG_WARN_UNREACHABLE_CODE = YES;
				CLANG_WARN__DUPLICATE_METHOD_MATCH = YES;
				COPY_PHASE_STRIP = NO;
				DEBUG_INFORMATION_FORMAT = dwarf;
				ENABLE_STRICT_OBJC_MSGSEND = YES;
				ENABLE_TESTABILITY = YES;
				GCC_C_LANGUAGE_STANDARD = gnu11;
				GCC_DYNAMIC_NO_PIC = NO;
				GCC_NO_COMMON_BLOCKS = YES;
				GCC_OPTIMIZATION_LEVEL = 0;
				GCC_PREPROCESSOR_DEFINITIONS = (
					"DEBUG=1",
					"$(inherited)",
				);
				GCC_WARN_64_TO_32_BIT_CONVERSION = YES;
				GCC_WARN_ABOUT_RETURN_TYPE = YES_ERROR;
				GCC_WARN_UNDECLARED_SELECTOR = YES;
				GCC_WARN_UNINITIALIZED_AUTOS = YES_AGGRESSIVE;
				GCC_WARN_UNUSED_FUNCTION = YES;
				GCC_WARN_UNUSED_VARIABLE = YES;
				IPHONEOS_DEPLOYMENT_TARGET = 15.2;
				MTL_ENABLE_DEBUG_INFO = INCLUDE_SOURCE;
				MTL_FAST_MATH = YES;
				ONLY_ACTIVE_ARCH = YES;
				SDKROOT = iphoneos;
				SWIFT_ACTIVE_COMPILATION_CONDITIONS = DEBUG;
				SWIFT_OPTIMIZATION_LEVEL = "-Onone";
			};
			name = Debug;
		};
		0A7E46D327D3999D001AD8F7 /* Release */ = {
			isa = XCBuildConfiguration;
			buildSettings = {
				ALWAYS_SEARCH_USER_PATHS = NO;
				CLANG_ANALYZER_NONNULL = YES;
				CLANG_ANALYZER_NUMBER_OBJECT_CONVERSION = YES_AGGRESSIVE;
				CLANG_CXX_LANGUAGE_STANDARD = "gnu++17";
				CLANG_CXX_LIBRARY = "libc++";
				CLANG_ENABLE_MODULES = YES;
				CLANG_ENABLE_OBJC_ARC = YES;
				CLANG_ENABLE_OBJC_WEAK = YES;
				CLANG_WARN_BLOCK_CAPTURE_AUTORELEASING = YES;
				CLANG_WARN_BOOL_CONVERSION = YES;
				CLANG_WARN_COMMA = YES;
				CLANG_WARN_CONSTANT_CONVERSION = YES;
				CLANG_WARN_DEPRECATED_OBJC_IMPLEMENTATIONS = YES;
				CLANG_WARN_DIRECT_OBJC_ISA_USAGE = YES_ERROR;
				CLANG_WARN_DOCUMENTATION_COMMENTS = YES;
				CLANG_WARN_EMPTY_BODY = YES;
				CLANG_WARN_ENUM_CONVERSION = YES;
				CLANG_WARN_INFINITE_RECURSION = YES;
				CLANG_WARN_INT_CONVERSION = YES;
				CLANG_WARN_NON_LITERAL_NULL_CONVERSION = YES;
				CLANG_WARN_OBJC_IMPLICIT_RETAIN_SELF = YES;
				CLANG_WARN_OBJC_LITERAL_CONVERSION = YES;
				CLANG_WARN_OBJC_ROOT_CLASS = YES_ERROR;
				CLANG_WARN_QUOTED_INCLUDE_IN_FRAMEWORK_HEADER = YES;
				CLANG_WARN_RANGE_LOOP_ANALYSIS = YES;
				CLANG_WARN_STRICT_PROTOTYPES = YES;
				CLANG_WARN_SUSPICIOUS_MOVE = YES;
				CLANG_WARN_UNGUARDED_AVAILABILITY = YES_AGGRESSIVE;
				CLANG_WARN_UNREACHABLE_CODE = YES;
				CLANG_WARN__DUPLICATE_METHOD_MATCH = YES;
				COPY_PHASE_STRIP = NO;
				DEBUG_INFORMATION_FORMAT = "dwarf-with-dsym";
				ENABLE_NS_ASSERTIONS = NO;
				ENABLE_STRICT_OBJC_MSGSEND = YES;
				GCC_C_LANGUAGE_STANDARD = gnu11;
				GCC_NO_COMMON_BLOCKS = YES;
				GCC_WARN_64_TO_32_BIT_CONVERSION = YES;
				GCC_WARN_ABOUT_RETURN_TYPE = YES_ERROR;
				GCC_WARN_UNDECLARED_SELECTOR = YES;
				GCC_WARN_UNINITIALIZED_AUTOS = YES_AGGRESSIVE;
				GCC_WARN_UNUSED_FUNCTION = YES;
				GCC_WARN_UNUSED_VARIABLE = YES;
				IPHONEOS_DEPLOYMENT_TARGET = 15.2;
				MTL_ENABLE_DEBUG_INFO = NO;
				MTL_FAST_MATH = YES;
				SDKROOT = iphoneos;
				SWIFT_COMPILATION_MODE = wholemodule;
				SWIFT_OPTIMIZATION_LEVEL = "-O";
				VALIDATE_PRODUCT = YES;
			};
			name = Release;
		};
		0A7E46D527D3999D001AD8F7 /* Debug */ = {
			isa = XCBuildConfiguration;
			baseConfigurationReference = 1B593F83D26A44265B2A0EF8 /* Pods-CalorieControl.debug.xcconfig */;
			buildSettings = {
				ASSETCATALOG_COMPILER_APPICON_NAME = AppIcon;
				ASSETCATALOG_COMPILER_GLOBAL_ACCENT_COLOR_NAME = AccentColor;
				CODE_SIGN_STYLE = Automatic;
				CURRENT_PROJECT_VERSION = 1;
				DEVELOPMENT_TEAM = 4JR7PKLFY2;
				GENERATE_INFOPLIST_FILE = YES;
				INFOPLIST_FILE = CalorieControl/Info.plist;
				INFOPLIST_KEY_UIApplicationSupportsIndirectInputEvents = YES;
				INFOPLIST_KEY_UILaunchStoryboardName = LaunchScreen;
				INFOPLIST_KEY_UIMainStoryboardFile = Main;
				INFOPLIST_KEY_UISupportedInterfaceOrientations_iPad = "UIInterfaceOrientationPortrait UIInterfaceOrientationPortraitUpsideDown UIInterfaceOrientationLandscapeLeft UIInterfaceOrientationLandscapeRight";
				INFOPLIST_KEY_UISupportedInterfaceOrientations_iPhone = "UIInterfaceOrientationPortrait UIInterfaceOrientationLandscapeLeft UIInterfaceOrientationLandscapeRight";
				LD_RUNPATH_SEARCH_PATHS = (
					"$(inherited)",
					"@executable_path/Frameworks",
				);
				MARKETING_VERSION = 1.0;
				PRODUCT_BUNDLE_IDENTIFIER = com.minji.CalorieControl;
				PRODUCT_NAME = "$(TARGET_NAME)";
				SWIFT_EMIT_LOC_STRINGS = YES;
				SWIFT_VERSION = 5.0;
				TARGETED_DEVICE_FAMILY = "1,2";
			};
			name = Debug;
		};
		0A7E46D627D3999D001AD8F7 /* Release */ = {
			isa = XCBuildConfiguration;
			baseConfigurationReference = DD2C77A4C8C40F4ECEF24D61 /* Pods-CalorieControl.release.xcconfig */;
			buildSettings = {
				ASSETCATALOG_COMPILER_APPICON_NAME = AppIcon;
				ASSETCATALOG_COMPILER_GLOBAL_ACCENT_COLOR_NAME = AccentColor;
				CODE_SIGN_STYLE = Automatic;
				CURRENT_PROJECT_VERSION = 1;
				DEVELOPMENT_TEAM = 4JR7PKLFY2;
				GENERATE_INFOPLIST_FILE = YES;
				INFOPLIST_FILE = CalorieControl/Info.plist;
				INFOPLIST_KEY_UIApplicationSupportsIndirectInputEvents = YES;
				INFOPLIST_KEY_UILaunchStoryboardName = LaunchScreen;
				INFOPLIST_KEY_UIMainStoryboardFile = Main;
				INFOPLIST_KEY_UISupportedInterfaceOrientations_iPad = "UIInterfaceOrientationPortrait UIInterfaceOrientationPortraitUpsideDown UIInterfaceOrientationLandscapeLeft UIInterfaceOrientationLandscapeRight";
				INFOPLIST_KEY_UISupportedInterfaceOrientations_iPhone = "UIInterfaceOrientationPortrait UIInterfaceOrientationLandscapeLeft UIInterfaceOrientationLandscapeRight";
				LD_RUNPATH_SEARCH_PATHS = (
					"$(inherited)",
					"@executable_path/Frameworks",
				);
				MARKETING_VERSION = 1.0;
				PRODUCT_BUNDLE_IDENTIFIER = com.minji.CalorieControl;
				PRODUCT_NAME = "$(TARGET_NAME)";
				SWIFT_EMIT_LOC_STRINGS = YES;
				SWIFT_VERSION = 5.0;
				TARGETED_DEVICE_FAMILY = "1,2";
			};
			name = Release;
		};
/* End XCBuildConfiguration section */

/* Begin XCConfigurationList section */
		0A7E46BB27D3999D001AD8F7 /* Build configuration list for PBXProject "CalorieControl" */ = {
			isa = XCConfigurationList;
			buildConfigurations = (
				0A7E46D227D3999D001AD8F7 /* Debug */,
				0A7E46D327D3999D001AD8F7 /* Release */,
			);
			defaultConfigurationIsVisible = 0;
			defaultConfigurationName = Release;
		};
		0A7E46D427D3999D001AD8F7 /* Build configuration list for PBXNativeTarget "CalorieControl" */ = {
			isa = XCConfigurationList;
			buildConfigurations = (
				0A7E46D527D3999D001AD8F7 /* Debug */,
				0A7E46D627D3999D001AD8F7 /* Release */,
			);
			defaultConfigurationIsVisible = 0;
			defaultConfigurationName = Release;
		};
/* End XCConfigurationList section */

/* Begin XCRemoteSwiftPackageReference section */
		0AA069B227DA1BC3009D71E8 /* XCRemoteSwiftPackageReference "firebase-ios-sdk" */ = {
			isa = XCRemoteSwiftPackageReference;
			repositoryURL = "https://github.com/firebase/firebase-ios-sdk";
			requirement = {
				kind = upToNextMajorVersion;
				minimumVersion = 8.0.0;
			};
		};
/* End XCRemoteSwiftPackageReference section */

/* Begin XCSwiftPackageProductDependency section */
		0AA069B327DA1BC3009D71E8 /* FirebaseAuth */ = {
			isa = XCSwiftPackageProductDependency;
			package = 0AA069B227DA1BC3009D71E8 /* XCRemoteSwiftPackageReference "firebase-ios-sdk" */;
			productName = FirebaseAuth;
		};
		0AA069B527DA1BC3009D71E8 /* FirebaseFirestore */ = {
			isa = XCSwiftPackageProductDependency;
			package = 0AA069B227DA1BC3009D71E8 /* XCRemoteSwiftPackageReference "firebase-ios-sdk" */;
			productName = FirebaseFirestore;
		};
		0AA069B727DA1BC3009D71E8 /* FirebaseFirestoreSwift-Beta */ = {
			isa = XCSwiftPackageProductDependency;
			package = 0AA069B227DA1BC3009D71E8 /* XCRemoteSwiftPackageReference "firebase-ios-sdk" */;
			productName = "FirebaseFirestoreSwift-Beta";
		};
		0AA069B927DA1BC3009D71E8 /* FirebaseStorage */ = {
			isa = XCSwiftPackageProductDependency;
			package = 0AA069B227DA1BC3009D71E8 /* XCRemoteSwiftPackageReference "firebase-ios-sdk" */;
			productName = FirebaseStorage;
		};
/* End XCSwiftPackageProductDependency section */
	};
	rootObject = 0A7E46B827D3999D001AD8F7 /* Project object */;
}
